
Microsoft Visual Studio Solution File, Format Version 12.00
# Visual Studio 2012
Project("{FAE04EC0-301F-11D3-BF4B-00C04F79EFBC}") = "AspNetMvcMocking.WebApp", "AspNetMvcMocking.WebApp\AspNetMvcMocking.WebApp.csproj", "{081A4482-FA36-433D-AC93-0BF8ECFA1E72}"
EndProject
Project("{FAE04EC0-301F-11D3-BF4B-00C04F79EFBC}") = "AspNetMvcMocking.WebApp.Tests", "AspNetMvcMocking.WebApp.Tests\AspNetMvcMocking.WebApp.Tests.csproj", "{4594CEAB-88DF-4E3D-92FB-F8526DB433D9}"
EndProject
Global
	GlobalSection(SolutionConfigurationPlatforms) = preSolution
		Debug|Any CPU = Debug|Any CPU
		Release|Any CPU = Release|Any CPU
	EndGlobalSection
	GlobalSection(ProjectConfigurationPlatforms) = postSolution
		{081A4482-FA36-433D-AC93-0BF8ECFA1E72}.Debug|Any CPU.ActiveCfg = Debug|Any CPU
		{081A4482-FA36-433D-AC93-0BF8ECFA1E72}.Debug|Any CPU.Build.0 = Debug|Any CPU
		{081A4482-FA36-433D-AC93-0BF8ECFA1E72}.Release|Any CPU.ActiveCfg = Release|Any CPU
		{081A4482-FA36-433D-AC93-0BF8ECFA1E72}.Release|Any CPU.Build.0 = Release|Any CPU
		{4594CEAB-88DF-4E3D-92FB-F8526DB433D9}.Debug|Any CPU.ActiveCfg = Debug|Any CPU
		{4594CEAB-88DF-4E3D-92FB-F8526DB433D9}.Debug|Any CPU.Build.0 = Debug|Any CPU
		{4594CEAB-88DF-4E3D-92FB-F8526DB433D9}.Release|Any CPU.ActiveCfg = Release|Any CPU
		{4594CEAB-88DF-4E3D-92FB-F8526DB433D9}.Release|Any CPU.Build.0 = Release|Any CPU
	EndGlobalSection
	GlobalSection(SolutionProperties) = preSolution
		HideSolutionNode = FALSE
	EndGlobalSection
EndGlobal
